
Microsoft Visual Studio Solution File, Format Version 12.00
# Visual Studio Version 17
VisualStudioVersion = 17.6.33829.357
MinimumVisualStudioVersion = 10.0.40219.1
Project("{FAE04EC0-301F-11D3-BF4B-00C04F79EFBC}") = "ProjekatOOP2", "ProjekatOOP2\ProjekatOOP2.csproj", "{7F13846A-16E5-4970-8DD7-1D0EDBD900DA}"
EndProject
Global
	GlobalSection(SolutionConfigurationPlatforms) = preSolution
		Debug|Any CPU = Debug|Any CPU
		Release|Any CPU = Release|Any CPU
	EndGlobalSection
	GlobalSection(ProjectConfigurationPlatforms) = postSolution
		{7F13846A-16E5-4970-8DD7-1D0EDBD900DA}.Debug|Any CPU.ActiveCfg = Debug|Any CPU
		{7F13846A-16E5-4970-8DD7-1D0EDBD900DA}.Debug|Any CPU.Build.0 = Debug|Any CPU
		{7F13846A-16E5-4970-8DD7-1D0EDBD900DA}.Release|Any CPU.ActiveCfg = Release|Any CPU
		{7F13846A-16E5-4970-8DD7-1D0EDBD900DA}.Release|Any CPU.Build.0 = Release|Any CPU
	EndGlobalSection
	GlobalSection(SolutionProperties) = preSolution
		HideSolutionNode = FALSE
	EndGlobalSection
	GlobalSection(ExtensibilityGlobals) = postSolution
		SolutionGuid = {061607DC-5D38-4618-998D-F78318F6AB18}
	EndGlobalSection
EndGlobal
